dependencies:
- name: transmission
  repository: https://barneybuffet.github.io/helm-barney-buffet/
  version: 0.2.0
- name: jackett
  repository: https://barneybuffet.github.io/helm-barney-buffet/
  version: 0.1.0
- name: sonarr
  repository: https://barneybuffet.github.io/helm-barney-buffet/
  version: 0.1.0
- name: radarr
  repository: https://barneybuffet.github.io/helm-barney-buffet/
  version: 0.1.0
- name: lidarr
  repository: https://barneybuffet.github.io/helm-barney-buffet/
  version: 0.1.0
- name: readarr
  repository: https://barneybuffet.github.io/helm-barney-buffet/
  version: 0.1.0
digest: sha256:27ad50a2530ab71f6e9936b8897c2d55c4b86622d076265a0eb1e711e085f37e
generated: "2021-10-27T16:39:43.991129+11:00"
