dependencies:
- name: transmission
  repository: https://barneybuffet.github.io/helm-barney-buffet/
  version: 0.3.0
- name: jackett
  repository: https://barneybuffet.github.io/helm-barney-buffet/
  version: 0.1.0
- name: sonarr
  repository: https://barneybuffet.github.io/helm-barney-buffet/
  version: 0.1.0
- name: radarr
  repository: https://barneybuffet.github.io/helm-barney-buffet/
  version: 0.1.0
- name: lidarr
  repository: https://barneybuffet.github.io/helm-barney-buffet/
  version: 0.1.0
- name: readarr
  repository: https://barneybuffet.github.io/helm-barney-buffet/
  version: 0.1.0
digest: sha256:d107a92e560acad27f33d75cf25841df555b7ae8ba07424ec109637970767605
generated: "2022-01-31T19:03:57.946307+11:00"
